
Microsoft Visual Studio Solution File, Format Version 12.00
# Visual Studio Version 17
VisualStudioVersion = 17.14.35821.62 d17.14
MinimumVisualStudioVersion = 10.0.40219.1
Project("{FAE04EC0-301F-11D3-BF4B-00C04F79EFBC}") = "WarehouseManagementProgram.Console", "WarehouseManagementProgram.Console\WarehouseManagementProgram.Console.csproj", "{9ACBA42E-45E2-4833-939A-D4CD415E768C}"
EndProject
Global
	GlobalSection(SolutionConfigurationPlatforms) = preSolution
		Debug|Any CPU = Debug|Any CPU
		Release|Any CPU = Release|Any CPU
	EndGlobalSection
	GlobalSection(ProjectConfigurationPlatforms) = postSolution
		{9ACBA42E-45E2-4833-939A-D4CD415E768C}.Debug|Any CPU.ActiveCfg = Debug|Any CPU
		{9ACBA42E-45E2-4833-939A-D4CD415E768C}.Debug|Any CPU.Build.0 = Debug|Any CPU
		{9ACBA42E-45E2-4833-939A-D4CD415E768C}.Release|Any CPU.ActiveCfg = Release|Any CPU
		{9ACBA42E-45E2-4833-939A-D4CD415E768C}.Release|Any CPU.Build.0 = Release|Any CPU
	EndGlobalSection
	GlobalSection(SolutionProperties) = preSolution
		HideSolutionNode = FALSE
	EndGlobalSection
	GlobalSection(ExtensibilityGlobals) = postSolution
		SolutionGuid = {B84A0E1D-7FB7-4825-B22D-86A5A44FE9BD}
	EndGlobalSection
EndGlobal
